{
  "name": "@draig/lexis-two",
  "version": "1.2.1",
  "lockfileVersion": 3,
  "requires": true,
  "dev": true,
  "packages": {
    "": {
      "name": "@draig/lexis-two",
      "version": "1.2.1",
      "dev": true,
      "hasInstallScript": true,
      "license": "MIT",
      "bin": {
        "lexis-two": "bin/lexis-two.js"
      },
      "devDependencies": {
        "@draig/lexis-two": "file:."
      }
    },
    "node_modules/@draig/lexis-two": {
      "resolved": "",
      "link": true
    }
  }
}
